
Microsoft Visual Studio Solution File, Format Version 12.00
# Visual Studio 15
VisualStudioVersion = 15.0.28307.489
MinimumVisualStudioVersion = 10.0.40219.1
Project("{FAE04EC0-301F-11D3-BF4B-00C04F79EFBC}") = "Entidades", "Entidades\Entidades.csproj", "{FC241EAF-9D46-480E-BD8F-F66CFD4D6193}"
EndProject
Project("{FAE04EC0-301F-11D3-BF4B-00C04F79EFBC}") = "TestUnitarios", "TestUnitarios\TestUnitarios.csproj", "{713BF8E1-41B2-4053-9B07-415F06A77689}"
EndProject
Project("{FAE04EC0-301F-11D3-BF4B-00C04F79EFBC}") = "MainCorreo", "MainCorreo\MainCorreo.csproj", "{639AD56A-9B81-43F5-B235-521A0E7E6BF7}"
EndProject
Global
	GlobalSection(SolutionConfigurationPlatforms) = preSolution
		Debug|Any CPU = Debug|Any CPU
		Release|Any CPU = Release|Any CPU
	EndGlobalSection
	GlobalSection(ProjectConfigurationPlatforms) = postSolution
		{FC241EAF-9D46-480E-BD8F-F66CFD4D6193}.Debug|Any CPU.ActiveCfg = Debug|Any CPU
		{FC241EAF-9D46-480E-BD8F-F66CFD4D6193}.Debug|Any CPU.Build.0 = Debug|Any CPU
		{FC241EAF-9D46-480E-BD8F-F66CFD4D6193}.Release|Any CPU.ActiveCfg = Release|Any CPU
		{FC241EAF-9D46-480E-BD8F-F66CFD4D6193}.Release|Any CPU.Build.0 = Release|Any CPU
		{713BF8E1-41B2-4053-9B07-415F06A77689}.Debug|Any CPU.ActiveCfg = Debug|Any CPU
		{713BF8E1-41B2-4053-9B07-415F06A77689}.Debug|Any CPU.Build.0 = Debug|Any CPU
		{713BF8E1-41B2-4053-9B07-415F06A77689}.Release|Any CPU.ActiveCfg = Release|Any CPU
		{713BF8E1-41B2-4053-9B07-415F06A77689}.Release|Any CPU.Build.0 = Release|Any CPU
		{639AD56A-9B81-43F5-B235-521A0E7E6BF7}.Debug|Any CPU.ActiveCfg = Debug|Any CPU
		{639AD56A-9B81-43F5-B235-521A0E7E6BF7}.Debug|Any CPU.Build.0 = Debug|Any CPU
		{639AD56A-9B81-43F5-B235-521A0E7E6BF7}.Release|Any CPU.ActiveCfg = Release|Any CPU
		{639AD56A-9B81-43F5-B235-521A0E7E6BF7}.Release|Any CPU.Build.0 = Release|Any CPU
	EndGlobalSection
	GlobalSection(SolutionProperties) = preSolution
		HideSolutionNode = FALSE
	EndGlobalSection
	GlobalSection(ExtensibilityGlobals) = postSolution
		SolutionGuid = {76C39BE5-A5EF-41B5-B482-AB4AE209A260}
	EndGlobalSection
EndGlobal
